
Microsoft Visual Studio Solution File, Format Version 12.00
# Visual Studio Version 17
VisualStudioVersion = 17.5.33424.131
MinimumVisualStudioVersion = 10.0.40219.1
Project("{FAE04EC0-301F-11D3-BF4B-00C04F79EFBC}") = "TestMyLibary", "TestMyLibary\TestMyLibary.csproj", "{EF7BCBDD-AF07-4735-AFEE-35AF437F9C30}"
EndProject
Project("{FAE04EC0-301F-11D3-BF4B-00C04F79EFBC}") = "ProjectLib", "ProjectLib\ProjectLib.csproj", "{89E90C25-EA46-41F0-93B0-CA979F97AD5A}"
EndProject
Global
	GlobalSection(SolutionConfigurationPlatforms) = preSolution
		Debug|Any CPU = Debug|Any CPU
		Release|Any CPU = Release|Any CPU
	EndGlobalSection
	GlobalSection(ProjectConfigurationPlatforms) = postSolution
		{EF7BCBDD-AF07-4735-AFEE-35AF437F9C30}.Debug|Any CPU.ActiveCfg = Debug|Any CPU
		{EF7BCBDD-AF07-4735-AFEE-35AF437F9C30}.Debug|Any CPU.Build.0 = Debug|Any CPU
		{EF7BCBDD-AF07-4735-AFEE-35AF437F9C30}.Release|Any CPU.ActiveCfg = Release|Any CPU
		{EF7BCBDD-AF07-4735-AFEE-35AF437F9C30}.Release|Any CPU.Build.0 = Release|Any CPU
		{89E90C25-EA46-41F0-93B0-CA979F97AD5A}.Debug|Any CPU.ActiveCfg = Debug|Any CPU
		{89E90C25-EA46-41F0-93B0-CA979F97AD5A}.Debug|Any CPU.Build.0 = Debug|Any CPU
		{89E90C25-EA46-41F0-93B0-CA979F97AD5A}.Release|Any CPU.ActiveCfg = Release|Any CPU
		{89E90C25-EA46-41F0-93B0-CA979F97AD5A}.Release|Any CPU.Build.0 = Release|Any CPU
	EndGlobalSection
	GlobalSection(SolutionProperties) = preSolution
		HideSolutionNode = FALSE
	EndGlobalSection
	GlobalSection(ExtensibilityGlobals) = postSolution
		SolutionGuid = {F28F1B16-FD75-4259-BCA7-21B5A4BA7507}
	EndGlobalSection
EndGlobal
